{
  "pins" : [
    {
      "identity" : "apple-inspired-puller",
      "kind" : "remoteSourceControl",
      "location" : "https://github.com/zsergey/Apple-Inspired-Puller.git",
      "state" : {
        "revision" : "553fe17487a37fa9abc4fd41a6e383f3d8d8a889",
        "version" : "1.0.0"
      }
    }
  ],
  "version" : 2
}
